
Microsoft Visual Studio Solution File, Format Version 12.00
# Visual Studio 15
VisualStudioVersion = 15.0.27703.2000
MinimumVisualStudioVersion = 10.0.40219.1
Project("{2150E333-8FDC-42A3-9474-1A3956D46DE8}") = "Src", "Src", "{4A87B759-6B77-4AAB-8BE8-7F10072DB9EF}"
EndProject
Project("{2150E333-8FDC-42A3-9474-1A3956D46DE8}") = "Tests", "Tests", "{68179370-F83B-4C53-8BB7-683F9FF92C28}"
EndProject
Project("{FAE04EC0-301F-11D3-BF4B-00C04F79EFBC}") = "TyreClicker.UITests", "TyreClicker\TyreClicker.UITests\TyreClicker.UITests.csproj", "{B23DD1C8-45A3-4631-8B98-273F9016954C}"
EndProject
Project("{FAE04EC0-301F-11D3-BF4B-00C04F79EFBC}") = "TyreClicker.UnitTests", "TyreClicker\TyreClicker.UnitTests\TyreClicker.UnitTests.csproj", "{FAC6DD15-E1F7-4ED9-9428-BFEA3DC227EF}"
EndProject
Project("{2150E333-8FDC-42A3-9474-1A3956D46DE8}") = "Core", "Core", "{E0A11792-D451-4649-8896-B88CA2A439EC}"
EndProject
Project("{2150E333-8FDC-42A3-9474-1A3956D46DE8}") = "Infrastructure", "Infrastructure", "{BB878B55-F664-4D5F-A7AA-F327BFF93B40}"
EndProject
Project("{2150E333-8FDC-42A3-9474-1A3956D46DE8}") = "Presentation", "Presentation", "{B23F7A6B-D337-45B6-A40F-828C8D55273E}"
EndProject
Project("{9A19103F-16F7-4668-BE54-9A1E7A4F7556}") = "TyreKlicker.Domain", "TyreKlicker.Domain\TyreKlicker.Domain.csproj", "{D7A0DB60-E2DD-4A65-95C7-5039F83F99C1}"
EndProject
Project("{9A19103F-16F7-4668-BE54-9A1E7A4F7556}") = "TyreKlicker.Application", "TyreKlicker.Application\TyreKlicker.Application.csproj", "{4B624F4A-B0FA-4149-9BFB-23077B435229}"
EndProject
Project("{9A19103F-16F7-4668-BE54-9A1E7A4F7556}") = "TyreKlicker.Persistence", "TyreKlicker.Persistence\TyreKlicker.Persistence.csproj", "{A00D01E4-DA62-4304-9601-420274EDB1E1}"
EndProject
Project("{9A19103F-16F7-4668-BE54-9A1E7A4F7556}") = "TyreKlicker.Infrastructure", "TyreKlicker.Infrastructure\TyreKlicker.Infrastructure.csproj", "{8D8350A8-DDBD-4EA2-B83A-517BBAE18F8C}"
EndProject
Project("{9A19103F-16F7-4668-BE54-9A1E7A4F7556}") = "TyreKlicker.Infrastructure.Identity", "TyreKlicker.Infrastructure.Identity\TyreKlicker.Infrastructure.Identity.csproj", "{2E1DC162-5FE0-4F9A-9948-E5B0C0BFFF05}"
EndProject
Project("{9A19103F-16F7-4668-BE54-9A1E7A4F7556}") = "TyreKlicker.API", "TyreKlicker.API\TyreKlicker.API\TyreKlicker.API.csproj", "{B1660448-3F2A-45BB-8270-463712C59972}"
EndProject
Project("{2150E333-8FDC-42A3-9474-1A3956D46DE8}") = "Core", "Core", "{CDC6D584-FC7B-4AEB-8E9A-354396F2433D}"
EndProject
Project("{9A19103F-16F7-4668-BE54-9A1E7A4F7556}") = "TyreKlicker.Application.Tests", "TyreKlicker.Application.Tests\TyreKlicker.Application.Tests.csproj", "{254BF792-C2AB-4B5D-B4B1-6F5B501AE61D}"
EndProject
Project("{2150E333-8FDC-42A3-9474-1A3956D46DE8}") = "Infrastructure", "Infrastructure", "{2618A286-B328-46A3-9A2A-EBEA792FAA36}"
EndProject
Global
	GlobalSection(SolutionConfigurationPlatforms) = preSolution
		Ad-Hoc|Any CPU = Ad-Hoc|Any CPU
		Ad-Hoc|ARM = Ad-Hoc|ARM
		Ad-Hoc|iPhone = Ad-Hoc|iPhone
		Ad-Hoc|iPhoneSimulator = Ad-Hoc|iPhoneSimulator
		Ad-Hoc|x64 = Ad-Hoc|x64
		Ad-Hoc|x86 = Ad-Hoc|x86
		AppStore|Any CPU = AppStore|Any CPU
		AppStore|ARM = AppStore|ARM
		AppStore|iPhone = AppStore|iPhone
		AppStore|iPhoneSimulator = AppStore|iPhoneSimulator
		AppStore|x64 = AppStore|x64
		AppStore|x86 = AppStore|x86
		Debug|Any CPU = Debug|Any CPU
		Debug|ARM = Debug|ARM
		Debug|iPhone = Debug|iPhone
		Debug|iPhoneSimulator = Debug|iPhoneSimulator
		Debug|x64 = Debug|x64
		Debug|x86 = Debug|x86
		Release|Any CPU = Release|Any CPU
		Release|ARM = Release|ARM
		Release|iPhone = Release|iPhone
		Release|iPhoneSimulator = Release|iPhoneSimulator
		Release|x64 = Release|x64
		Release|x86 = Release|x86
	EndGlobalSection
	GlobalSection(ProjectConfigurationPlatforms) = postSolution
		{B23DD1C8-45A3-4631-8B98-273F9016954C}.Ad-Hoc|Any CPU.ActiveCfg = Release|Any CPU
		{B23DD1C8-45A3-4631-8B98-273F9016954C}.Ad-Hoc|Any CPU.Build.0 = Release|Any CPU
		{B23DD1C8-45A3-4631-8B98-273F9016954C}.Ad-Hoc|ARM.ActiveCfg = Release|Any CPU
		{B23DD1C8-45A3-4631-8B98-273F9016954C}.Ad-Hoc|ARM.Build.0 = Release|Any CPU
		{B23DD1C8-45A3-4631-8B98-273F9016954C}.Ad-Hoc|iPhone.ActiveCfg = Release|Any CPU
		{B23DD1C8-45A3-4631-8B98-273F9016954C}.Ad-Hoc|iPhone.Build.0 = Release|Any CPU
		{B23DD1C8-45A3-4631-8B98-273F9016954C}.Ad-Hoc|iPhoneSimulator.ActiveCfg = Release|Any CPU
		{B23DD1C8-45A3-4631-8B98-273F9016954C}.Ad-Hoc|iPhoneSimulator.Build.0 = Release|Any CPU
		{B23DD1C8-45A3-4631-8B98-273F9016954C}.Ad-Hoc|x64.ActiveCfg = Release|Any CPU
		{B23DD1C8-45A3-4631-8B98-273F9016954C}.Ad-Hoc|x64.Build.0 = Release|Any CPU
		{B23DD1C8-45A3-4631-8B98-273F9016954C}.Ad-Hoc|x86.ActiveCfg = Release|Any CPU
		{B23DD1C8-45A3-4631-8B98-273F9016954C}.Ad-Hoc|x86.Build.0 = Release|Any CPU
		{B23DD1C8-45A3-4631-8B98-273F9016954C}.AppStore|Any CPU.ActiveCfg = Release|Any CPU
		{B23DD1C8-45A3-4631-8B98-273F9016954C}.AppStore|Any CPU.Build.0 = Release|Any CPU
		{B23DD1C8-45A3-4631-8B98-273F9016954C}.AppStore|ARM.ActiveCfg = Release|Any CPU
		{B23DD1C8-45A3-4631-8B98-273F9016954C}.AppStore|ARM.Build.0 = Release|Any CPU
		{B23DD1C8-45A3-4631-8B98-273F9016954C}.AppStore|iPhone.ActiveCfg = Release|Any CPU
		{B23DD1C8-45A3-4631-8B98-273F9016954C}.AppStore|iPhone.Build.0 = Release|Any CPU
		{B23DD1C8-45A3-4631-8B98-273F9016954C}.AppStore|iPhoneSimulator.ActiveCfg = Release|Any CPU
		{B23DD1C8-45A3-4631-8B98-273F9016954C}.AppStore|iPhoneSimulator.Build.0 = Release|Any CPU
		{B23DD1C8-45A3-4631-8B98-273F9016954C}.AppStore|x64.ActiveCfg = Release|Any CPU
		{B23DD1C8-45A3-4631-8B98-273F9016954C}.AppStore|x64.Build.0 = Release|Any CPU
		{B23DD1C8-45A3-4631-8B98-273F9016954C}.AppStore|x86.ActiveCfg = Release|Any CPU
		{B23DD1C8-45A3-4631-8B98-273F9016954C}.AppStore|x86.Build.0 = Release|Any CPU
		{B23DD1C8-45A3-4631-8B98-273F9016954C}.Debug|Any CPU.ActiveCfg = Debug|Any CPU
		{B23DD1C8-45A3-4631-8B98-273F9016954C}.Debug|Any CPU.Build.0 = Debug|Any CPU
		{B23DD1C8-45A3-4631-8B98-273F9016954C}.Debug|ARM.ActiveCfg = Debug|Any CPU
		{B23DD1C8-45A3-4631-8B98-273F9016954C}.Debug|ARM.Build.0 = Debug|Any CPU
		{B23DD1C8-45A3-4631-8B98-273F9016954C}.Debug|iPhone.ActiveCfg = Debug|Any CPU
		{B23DD1C8-45A3-4631-8B98-273F9016954C}.Debug|iPhone.Build.0 = Debug|Any CPU
		{B23DD1C8-45A3-4631-8B98-273F9016954C}.Debug|iPhoneSimulator.ActiveCfg = Debug|Any CPU
		{B23DD1C8-45A3-4631-8B98-273F9016954C}.Debug|iPhoneSimulator.Build.0 = Debug|Any CPU
		{B23DD1C8-45A3-4631-8B98-273F9016954C}.Debug|x64.ActiveCfg = Debug|Any CPU
		{B23DD1C8-45A3-4631-8B98-273F9016954C}.Debug|x64.Build.0 = Debug|Any CPU
		{B23DD1C8-45A3-4631-8B98-273F9016954C}.Debug|x86.ActiveCfg = Debug|Any CPU
		{B23DD1C8-45A3-4631-8B98-273F9016954C}.Debug|x86.Build.0 = Debug|Any CPU
		{B23DD1C8-45A3-4631-8B98-273F9016954C}.Release|Any CPU.ActiveCfg = Release|Any CPU
		{B23DD1C8-45A3-4631-8B98-273F9016954C}.Release|Any CPU.Build.0 = Release|Any CPU
		{B23DD1C8-45A3-4631-8B98-273F9016954C}.Release|ARM.ActiveCfg = Release|Any CPU
		{B23DD1C8-45A3-4631-8B98-273F9016954C}.Release|ARM.Build.0 = Release|Any CPU
		{B23DD1C8-45A3-4631-8B98-273F9016954C}.Release|iPhone.ActiveCfg = Release|Any CPU
		{B23DD1C8-45A3-4631-8B98-273F9016954C}.Release|iPhone.Build.0 = Release|Any CPU
		{B23DD1C8-45A3-4631-8B98-273F9016954C}.Release|iPhoneSimulator.ActiveCfg = Release|Any CPU
		{B23DD1C8-45A3-4631-8B98-273F9016954C}.Release|iPhoneSimulator.Build.0 = Release|Any CPU
		{B23DD1C8-45A3-4631-8B98-273F9016954C}.Release|x64.ActiveCfg = Release|Any CPU
		{B23DD1C8-45A3-4631-8B98-273F9016954C}.Release|x64.Build.0 = Release|Any CPU
		{B23DD1C8-45A3-4631-8B98-273F9016954C}.Release|x86.ActiveCfg = Release|Any CPU
		{B23DD1C8-45A3-4631-8B98-273F9016954C}.Release|x86.Build.0 = Release|Any CPU
		{FAC6DD15-E1F7-4ED9-9428-BFEA3DC227EF}.Ad-Hoc|Any CPU.ActiveCfg = Release|Any CPU
		{FAC6DD15-E1F7-4ED9-9428-BFEA3DC227EF}.Ad-Hoc|Any CPU.Build.0 = Release|Any CPU
		{FAC6DD15-E1F7-4ED9-9428-BFEA3DC227EF}.Ad-Hoc|ARM.ActiveCfg = Release|Any CPU
		{FAC6DD15-E1F7-4ED9-9428-BFEA3DC227EF}.Ad-Hoc|ARM.Build.0 = Release|Any CPU
		{FAC6DD15-E1F7-4ED9-9428-BFEA3DC227EF}.Ad-Hoc|iPhone.ActiveCfg = Release|Any CPU
		{FAC6DD15-E1F7-4ED9-9428-BFEA3DC227EF}.Ad-Hoc|iPhone.Build.0 = Release|Any CPU
		{FAC6DD15-E1F7-4ED9-9428-BFEA3DC227EF}.Ad-Hoc|iPhoneSimulator.ActiveCfg = Release|Any CPU
		{FAC6DD15-E1F7-4ED9-9428-BFEA3DC227EF}.Ad-Hoc|iPhoneSimulator.Build.0 = Release|Any CPU
		{FAC6DD15-E1F7-4ED9-9428-BFEA3DC227EF}.Ad-Hoc|x64.ActiveCfg = Release|Any CPU
		{FAC6DD15-E1F7-4ED9-9428-BFEA3DC227EF}.Ad-Hoc|x64.Build.0 = Release|Any CPU
		{FAC6DD15-E1F7-4ED9-9428-BFEA3DC227EF}.Ad-Hoc|x86.ActiveCfg = Release|Any CPU
		{FAC6DD15-E1F7-4ED9-9428-BFEA3DC227EF}.Ad-Hoc|x86.Build.0 = Release|Any CPU
		{FAC6DD15-E1F7-4ED9-9428-BFEA3DC227EF}.AppStore|Any CPU.ActiveCfg = Release|Any CPU
		{FAC6DD15-E1F7-4ED9-9428-BFEA3DC227EF}.AppStore|Any CPU.Build.0 = Release|Any CPU
		{FAC6DD15-E1F7-4ED9-9428-BFEA3DC227EF}.AppStore|ARM.ActiveCfg = Release|Any CPU
		{FAC6DD15-E1F7-4ED9-9428-BFEA3DC227EF}.AppStore|ARM.Build.0 = Release|Any CPU
		{FAC6DD15-E1F7-4ED9-9428-BFEA3DC227EF}.AppStore|iPhone.ActiveCfg = Release|Any CPU
		{FAC6DD15-E1F7-4ED9-9428-BFEA3DC227EF}.AppStore|iPhone.Build.0 = Release|Any CPU
		{FAC6DD15-E1F7-4ED9-9428-BFEA3DC227EF}.AppStore|iPhoneSimulator.ActiveCfg = Release|Any CPU
		{FAC6DD15-E1F7-4ED9-9428-BFEA3DC227EF}.AppStore|iPhoneSimulator.Build.0 = Release|Any CPU
		{FAC6DD15-E1F7-4ED9-9428-BFEA3DC227EF}.AppStore|x64.ActiveCfg = Release|Any CPU
		{FAC6DD15-E1F7-4ED9-9428-BFEA3DC227EF}.AppStore|x64.Build.0 = Release|Any CPU
		{FAC6DD15-E1F7-4ED9-9428-BFEA3DC227EF}.AppStore|x86.ActiveCfg = Release|Any CPU
		{FAC6DD15-E1F7-4ED9-9428-BFEA3DC227EF}.AppStore|x86.Build.0 = Release|Any CPU
		{FAC6DD15-E1F7-4ED9-9428-BFEA3DC227EF}.Debug|Any CPU.ActiveCfg = Debug|Any CPU
		{FAC6DD15-E1F7-4ED9-9428-BFEA3DC227EF}.Debug|Any CPU.Build.0 = Debug|Any CPU
		{FAC6DD15-E1F7-4ED9-9428-BFEA3DC227EF}.Debug|ARM.ActiveCfg = Debug|Any CPU
		{FAC6DD15-E1F7-4ED9-9428-BFEA3DC227EF}.Debug|ARM.Build.0 = Debug|Any CPU
		{FAC6DD15-E1F7-4ED9-9428-BFEA3DC227EF}.Debug|iPhone.ActiveCfg = Debug|Any CPU
		{FAC6DD15-E1F7-4ED9-9428-BFEA3DC227EF}.Debug|iPhone.Build.0 = Debug|Any CPU
		{FAC6DD15-E1F7-4ED9-9428-BFEA3DC227EF}.Debug|iPhoneSimulator.ActiveCfg = Debug|Any CPU
		{FAC6DD15-E1F7-4ED9-9428-BFEA3DC227EF}.Debug|iPhoneSimulator.Build.0 = Debug|Any CPU
		{FAC6DD15-E1F7-4ED9-9428-BFEA3DC227EF}.Debug|x64.ActiveCfg = Debug|Any CPU
		{FAC6DD15-E1F7-4ED9-9428-BFEA3DC227EF}.Debug|x64.Build.0 = Debug|Any CPU
		{FAC6DD15-E1F7-4ED9-9428-BFEA3DC227EF}.Debug|x86.ActiveCfg = Debug|Any CPU
		{FAC6DD15-E1F7-4ED9-9428-BFEA3DC227EF}.Debug|x86.Build.0 = Debug|Any CPU
		{FAC6DD15-E1F7-4ED9-9428-BFEA3DC227EF}.Release|Any CPU.ActiveCfg = Release|Any CPU
		{FAC6DD15-E1F7-4ED9-9428-BFEA3DC227EF}.Release|Any CPU.Build.0 = Release|Any CPU
		{FAC6DD15-E1F7-4ED9-9428-BFEA3DC227EF}.Release|ARM.ActiveCfg = Release|Any CPU
		{FAC6DD15-E1F7-4ED9-9428-BFEA3DC227EF}.Release|ARM.Build.0 = Release|Any CPU
		{FAC6DD15-E1F7-4ED9-9428-BFEA3DC227EF}.Release|iPhone.ActiveCfg = Release|Any CPU
		{FAC6DD15-E1F7-4ED9-9428-BFEA3DC227EF}.Release|iPhone.Build.0 = Release|Any CPU
		{FAC6DD15-E1F7-4ED9-9428-BFEA3DC227EF}.Release|iPhoneSimulator.ActiveCfg = Release|Any CPU
		{FAC6DD15-E1F7-4ED9-9428-BFEA3DC227EF}.Release|iPhoneSimulator.Build.0 = Release|Any CPU
		{FAC6DD15-E1F7-4ED9-9428-BFEA3DC227EF}.Release|x64.ActiveCfg = Release|Any CPU
		{FAC6DD15-E1F7-4ED9-9428-BFEA3DC227EF}.Release|x64.Build.0 = Release|Any CPU
		{FAC6DD15-E1F7-4ED9-9428-BFEA3DC227EF}.Release|x86.ActiveCfg = Release|Any CPU
		{FAC6DD15-E1F7-4ED9-9428-BFEA3DC227EF}.Release|x86.Build.0 = Release|Any CPU
		{D7A0DB60-E2DD-4A65-95C7-5039F83F99C1}.Ad-Hoc|Any CPU.ActiveCfg = Debug|Any CPU
		{D7A0DB60-E2DD-4A65-95C7-5039F83F99C1}.Ad-Hoc|Any CPU.Build.0 = Debug|Any CPU
		{D7A0DB60-E2DD-4A65-95C7-5039F83F99C1}.Ad-Hoc|ARM.ActiveCfg = Debug|Any CPU
		{D7A0DB60-E2DD-4A65-95C7-5039F83F99C1}.Ad-Hoc|ARM.Build.0 = Debug|Any CPU
		{D7A0DB60-E2DD-4A65-95C7-5039F83F99C1}.Ad-Hoc|iPhone.ActiveCfg = Debug|Any CPU
		{D7A0DB60-E2DD-4A65-95C7-5039F83F99C1}.Ad-Hoc|iPhone.Build.0 = Debug|Any CPU
		{D7A0DB60-E2DD-4A65-95C7-5039F83F99C1}.Ad-Hoc|iPhoneSimulator.ActiveCfg = Debug|Any CPU
		{D7A0DB60-E2DD-4A65-95C7-5039F83F99C1}.Ad-Hoc|iPhoneSimulator.Build.0 = Debug|Any CPU
		{D7A0DB60-E2DD-4A65-95C7-5039F83F99C1}.Ad-Hoc|x64.ActiveCfg = Debug|Any CPU
		{D7A0DB60-E2DD-4A65-95C7-5039F83F99C1}.Ad-Hoc|x64.Build.0 = Debug|Any CPU
		{D7A0DB60-E2DD-4A65-95C7-5039F83F99C1}.Ad-Hoc|x86.ActiveCfg = Debug|Any CPU
		{D7A0DB60-E2DD-4A65-95C7-5039F83F99C1}.Ad-Hoc|x86.Build.0 = Debug|Any CPU
		{D7A0DB60-E2DD-4A65-95C7-5039F83F99C1}.AppStore|Any CPU.ActiveCfg = Debug|Any CPU
		{D7A0DB60-E2DD-4A65-95C7-5039F83F99C1}.AppStore|Any CPU.Build.0 = Debug|Any CPU
		{D7A0DB60-E2DD-4A65-95C7-5039F83F99C1}.AppStore|ARM.ActiveCfg = Debug|Any CPU
		{D7A0DB60-E2DD-4A65-95C7-5039F83F99C1}.AppStore|ARM.Build.0 = Debug|Any CPU
		{D7A0DB60-E2DD-4A65-95C7-5039F83F99C1}.AppStore|iPhone.ActiveCfg = Debug|Any CPU
		{D7A0DB60-E2DD-4A65-95C7-5039F83F99C1}.AppStore|iPhone.Build.0 = Debug|Any CPU
		{D7A0DB60-E2DD-4A65-95C7-5039F83F99C1}.AppStore|iPhoneSimulator.ActiveCfg = Debug|Any CPU
		{D7A0DB60-E2DD-4A65-95C7-5039F83F99C1}.AppStore|iPhoneSimulator.Build.0 = Debug|Any CPU
		{D7A0DB60-E2DD-4A65-95C7-5039F83F99C1}.AppStore|x64.ActiveCfg = Debug|Any CPU
		{D7A0DB60-E2DD-4A65-95C7-5039F83F99C1}.AppStore|x64.Build.0 = Debug|Any CPU
		{D7A0DB60-E2DD-4A65-95C7-5039F83F99C1}.AppStore|x86.ActiveCfg = Debug|Any CPU
		{D7A0DB60-E2DD-4A65-95C7-5039F83F99C1}.AppStore|x86.Build.0 = Debug|Any CPU
		{D7A0DB60-E2DD-4A65-95C7-5039F83F99C1}.Debug|Any CPU.ActiveCfg = Debug|Any CPU
		{D7A0DB60-E2DD-4A65-95C7-5039F83F99C1}.Debug|Any CPU.Build.0 = Debug|Any CPU
		{D7A0DB60-E2DD-4A65-95C7-5039F83F99C1}.Debug|ARM.ActiveCfg = Debug|Any CPU
		{D7A0DB60-E2DD-4A65-95C7-5039F83F99C1}.Debug|ARM.Build.0 = Debug|Any CPU
		{D7A0DB60-E2DD-4A65-95C7-5039F83F99C1}.Debug|iPhone.ActiveCfg = Debug|Any CPU
		{D7A0DB60-E2DD-4A65-95C7-5039F83F99C1}.Debug|iPhone.Build.0 = Debug|Any CPU
		{D7A0DB60-E2DD-4A65-95C7-5039F83F99C1}.Debug|iPhoneSimulator.ActiveCfg = Debug|Any CPU
		{D7A0DB60-E2DD-4A65-95C7-5039F83F99C1}.Debug|iPhoneSimulator.Build.0 = Debug|Any CPU
		{D7A0DB60-E2DD-4A65-95C7-5039F83F99C1}.Debug|x64.ActiveCfg = Debug|Any CPU
		{D7A0DB60-E2DD-4A65-95C7-5039F83F99C1}.Debug|x64.Build.0 = Debug|Any CPU
		{D7A0DB60-E2DD-4A65-95C7-5039F83F99C1}.Debug|x86.ActiveCfg = Debug|Any CPU
		{D7A0DB60-E2DD-4A65-95C7-5039F83F99C1}.Debug|x86.Build.0 = Debug|Any CPU
		{D7A0DB60-E2DD-4A65-95C7-5039F83F99C1}.Release|Any CPU.ActiveCfg = Release|Any CPU
		{D7A0DB60-E2DD-4A65-95C7-5039F83F99C1}.Release|Any CPU.Build.0 = Release|Any CPU
		{D7A0DB60-E2DD-4A65-95C7-5039F83F99C1}.Release|ARM.ActiveCfg = Release|Any CPU
		{D7A0DB60-E2DD-4A65-95C7-5039F83F99C1}.Release|ARM.Build.0 = Release|Any CPU
		{D7A0DB60-E2DD-4A65-95C7-5039F83F99C1}.Release|iPhone.ActiveCfg = Release|Any CPU
		{D7A0DB60-E2DD-4A65-95C7-5039F83F99C1}.Release|iPhone.Build.0 = Release|Any CPU
		{D7A0DB60-E2DD-4A65-95C7-5039F83F99C1}.Release|iPhoneSimulator.ActiveCfg = Release|Any CPU
		{D7A0DB60-E2DD-4A65-95C7-5039F83F99C1}.Release|iPhoneSimulator.Build.0 = Release|Any CPU
		{D7A0DB60-E2DD-4A65-95C7-5039F83F99C1}.Release|x64.ActiveCfg = Release|Any CPU
		{D7A0DB60-E2DD-4A65-95C7-5039F83F99C1}.Release|x64.Build.0 = Release|Any CPU
		{D7A0DB60-E2DD-4A65-95C7-5039F83F99C1}.Release|x86.ActiveCfg = Release|Any CPU
		{D7A0DB60-E2DD-4A65-95C7-5039F83F99C1}.Release|x86.Build.0 = Release|Any CPU
		{4B624F4A-B0FA-4149-9BFB-23077B435229}.Ad-Hoc|Any CPU.ActiveCfg = Debug|Any CPU
		{4B624F4A-B0FA-4149-9BFB-23077B435229}.Ad-Hoc|Any CPU.Build.0 = Debug|Any CPU
		{4B624F4A-B0FA-4149-9BFB-23077B435229}.Ad-Hoc|ARM.ActiveCfg = Debug|Any CPU
		{4B624F4A-B0FA-4149-9BFB-23077B435229}.Ad-Hoc|ARM.Build.0 = Debug|Any CPU
		{4B624F4A-B0FA-4149-9BFB-23077B435229}.Ad-Hoc|iPhone.ActiveCfg = Debug|Any CPU
		{4B624F4A-B0FA-4149-9BFB-23077B435229}.Ad-Hoc|iPhone.Build.0 = Debug|Any CPU
		{4B624F4A-B0FA-4149-9BFB-23077B435229}.Ad-Hoc|iPhoneSimulator.ActiveCfg = Debug|Any CPU
		{4B624F4A-B0FA-4149-9BFB-23077B435229}.Ad-Hoc|iPhoneSimulator.Build.0 = Debug|Any CPU
		{4B624F4A-B0FA-4149-9BFB-23077B435229}.Ad-Hoc|x64.ActiveCfg = Debug|Any CPU
		{4B624F4A-B0FA-4149-9BFB-23077B435229}.Ad-Hoc|x64.Build.0 = Debug|Any CPU
		{4B624F4A-B0FA-4149-9BFB-23077B435229}.Ad-Hoc|x86.ActiveCfg = Debug|Any CPU
		{4B624F4A-B0FA-4149-9BFB-23077B435229}.Ad-Hoc|x86.Build.0 = Debug|Any CPU
		{4B624F4A-B0FA-4149-9BFB-23077B435229}.AppStore|Any CPU.ActiveCfg = Debug|Any CPU
		{4B624F4A-B0FA-4149-9BFB-23077B435229}.AppStore|Any CPU.Build.0 = Debug|Any CPU
		{4B624F4A-B0FA-4149-9BFB-23077B435229}.AppStore|ARM.ActiveCfg = Debug|Any CPU
		{4B624F4A-B0FA-4149-9BFB-23077B435229}.AppStore|ARM.Build.0 = Debug|Any CPU
		{4B624F4A-B0FA-4149-9BFB-23077B435229}.AppStore|iPhone.ActiveCfg = Debug|Any CPU
		{4B624F4A-B0FA-4149-9BFB-23077B435229}.AppStore|iPhone.Build.0 = Debug|Any CPU
		{4B624F4A-B0FA-4149-9BFB-23077B435229}.AppStore|iPhoneSimulator.ActiveCfg = Debug|Any CPU
		{4B624F4A-B0FA-4149-9BFB-23077B435229}.AppStore|iPhoneSimulator.Build.0 = Debug|Any CPU
		{4B624F4A-B0FA-4149-9BFB-23077B435229}.AppStore|x64.ActiveCfg = Debug|Any CPU
		{4B624F4A-B0FA-4149-9BFB-23077B435229}.AppStore|x64.Build.0 = Debug|Any CPU
		{4B624F4A-B0FA-4149-9BFB-23077B435229}.AppStore|x86.ActiveCfg = Debug|Any CPU
		{4B624F4A-B0FA-4149-9BFB-23077B435229}.AppStore|x86.Build.0 = Debug|Any CPU
		{4B624F4A-B0FA-4149-9BFB-23077B435229}.Debug|Any CPU.ActiveCfg = Debug|Any CPU
		{4B624F4A-B0FA-4149-9BFB-23077B435229}.Debug|Any CPU.Build.0 = Debug|Any CPU
		{4B624F4A-B0FA-4149-9BFB-23077B435229}.Debug|ARM.ActiveCfg = Debug|Any CPU
		{4B624F4A-B0FA-4149-9BFB-23077B435229}.Debug|ARM.Build.0 = Debug|Any CPU
		{4B624F4A-B0FA-4149-9BFB-23077B435229}.Debug|iPhone.ActiveCfg = Debug|Any CPU
		{4B624F4A-B0FA-4149-9BFB-23077B435229}.Debug|iPhone.Build.0 = Debug|Any CPU
		{4B624F4A-B0FA-4149-9BFB-23077B435229}.Debug|iPhoneSimulator.ActiveCfg = Debug|Any CPU
		{4B624F4A-B0FA-4149-9BFB-23077B435229}.Debug|iPhoneSimulator.Build.0 = Debug|Any CPU
		{4B624F4A-B0FA-4149-9BFB-23077B435229}.Debug|x64.ActiveCfg = Debug|Any CPU
		{4B624F4A-B0FA-4149-9BFB-23077B435229}.Debug|x64.Build.0 = Debug|Any CPU
		{4B624F4A-B0FA-4149-9BFB-23077B435229}.Debug|x86.ActiveCfg = Debug|Any CPU
		{4B624F4A-B0FA-4149-9BFB-23077B435229}.Debug|x86.Build.0 = Debug|Any CPU
		{4B624F4A-B0FA-4149-9BFB-23077B435229}.Release|Any CPU.ActiveCfg = Release|Any CPU
		{4B624F4A-B0FA-4149-9BFB-23077B435229}.Release|Any CPU.Build.0 = Release|Any CPU
		{4B624F4A-B0FA-4149-9BFB-23077B435229}.Release|ARM.ActiveCfg = Release|Any CPU
		{4B624F4A-B0FA-4149-9BFB-23077B435229}.Release|ARM.Build.0 = Release|Any CPU
		{4B624F4A-B0FA-4149-9BFB-23077B435229}.Release|iPhone.ActiveCfg = Release|Any CPU
		{4B624F4A-B0FA-4149-9BFB-23077B435229}.Release|iPhone.Build.0 = Release|Any CPU
		{4B624F4A-B0FA-4149-9BFB-23077B435229}.Release|iPhoneSimulator.ActiveCfg = Release|Any CPU
		{4B624F4A-B0FA-4149-9BFB-23077B435229}.Release|iPhoneSimulator.Build.0 = Release|Any CPU
		{4B624F4A-B0FA-4149-9BFB-23077B435229}.Release|x64.ActiveCfg = Release|Any CPU
		{4B624F4A-B0FA-4149-9BFB-23077B435229}.Release|x64.Build.0 = Release|Any CPU
		{4B624F4A-B0FA-4149-9BFB-23077B435229}.Release|x86.ActiveCfg = Release|Any CPU
		{4B624F4A-B0FA-4149-9BFB-23077B435229}.Release|x86.Build.0 = Release|Any CPU
		{A00D01E4-DA62-4304-9601-420274EDB1E1}.Ad-Hoc|Any CPU.ActiveCfg = Debug|Any CPU
		{A00D01E4-DA62-4304-9601-420274EDB1E1}.Ad-Hoc|Any CPU.Build.0 = Debug|Any CPU
		{A00D01E4-DA62-4304-9601-420274EDB1E1}.Ad-Hoc|ARM.ActiveCfg = Debug|Any CPU
		{A00D01E4-DA62-4304-9601-420274EDB1E1}.Ad-Hoc|ARM.Build.0 = Debug|Any CPU
		{A00D01E4-DA62-4304-9601-420274EDB1E1}.Ad-Hoc|iPhone.ActiveCfg = Debug|Any CPU
		{A00D01E4-DA62-4304-9601-420274EDB1E1}.Ad-Hoc|iPhone.Build.0 = Debug|Any CPU
		{A00D01E4-DA62-4304-9601-420274EDB1E1}.Ad-Hoc|iPhoneSimulator.ActiveCfg = Debug|Any CPU
		{A00D01E4-DA62-4304-9601-420274EDB1E1}.Ad-Hoc|iPhoneSimulator.Build.0 = Debug|Any CPU
		{A00D01E4-DA62-4304-9601-420274EDB1E1}.Ad-Hoc|x64.ActiveCfg = Debug|Any CPU
		{A00D01E4-DA62-4304-9601-420274EDB1E1}.Ad-Hoc|x64.Build.0 = Debug|Any CPU
		{A00D01E4-DA62-4304-9601-420274EDB1E1}.Ad-Hoc|x86.ActiveCfg = Debug|Any CPU
		{A00D01E4-DA62-4304-9601-420274EDB1E1}.Ad-Hoc|x86.Build.0 = Debug|Any CPU
		{A00D01E4-DA62-4304-9601-420274EDB1E1}.AppStore|Any CPU.ActiveCfg = Debug|Any CPU
		{A00D01E4-DA62-4304-9601-420274EDB1E1}.AppStore|Any CPU.Build.0 = Debug|Any CPU
		{A00D01E4-DA62-4304-9601-420274EDB1E1}.AppStore|ARM.ActiveCfg = Debug|Any CPU
		{A00D01E4-DA62-4304-9601-420274EDB1E1}.AppStore|ARM.Build.0 = Debug|Any CPU
		{A00D01E4-DA62-4304-9601-420274EDB1E1}.AppStore|iPhone.ActiveCfg = Debug|Any CPU
		{A00D01E4-DA62-4304-9601-420274EDB1E1}.AppStore|iPhone.Build.0 = Debug|Any CPU
		{A00D01E4-DA62-4304-9601-420274EDB1E1}.AppStore|iPhoneSimulator.ActiveCfg = Debug|Any CPU
		{A00D01E4-DA62-4304-9601-420274EDB1E1}.AppStore|iPhoneSimulator.Build.0 = Debug|Any CPU
		{A00D01E4-DA62-4304-9601-420274EDB1E1}.AppStore|x64.ActiveCfg = Debug|Any CPU
		{A00D01E4-DA62-4304-9601-420274EDB1E1}.AppStore|x64.Build.0 = Debug|Any CPU
		{A00D01E4-DA62-4304-9601-420274EDB1E1}.AppStore|x86.ActiveCfg = Debug|Any CPU
		{A00D01E4-DA62-4304-9601-420274EDB1E1}.AppStore|x86.Build.0 = Debug|Any CPU
		{A00D01E4-DA62-4304-9601-420274EDB1E1}.Debug|Any CPU.ActiveCfg = Debug|Any CPU
		{A00D01E4-DA62-4304-9601-420274EDB1E1}.Debug|Any CPU.Build.0 = Debug|Any CPU
		{A00D01E4-DA62-4304-9601-420274EDB1E1}.Debug|ARM.ActiveCfg = Debug|Any CPU
		{A00D01E4-DA62-4304-9601-420274EDB1E1}.Debug|ARM.Build.0 = Debug|Any CPU
		{A00D01E4-DA62-4304-9601-420274EDB1E1}.Debug|iPhone.ActiveCfg = Debug|Any CPU
		{A00D01E4-DA62-4304-9601-420274EDB1E1}.Debug|iPhone.Build.0 = Debug|Any CPU
		{A00D01E4-DA62-4304-9601-420274EDB1E1}.Debug|iPhoneSimulator.ActiveCfg = Debug|Any CPU
		{A00D01E4-DA62-4304-9601-420274EDB1E1}.Debug|iPhoneSimulator.Build.0 = Debug|Any CPU
		{A00D01E4-DA62-4304-9601-420274EDB1E1}.Debug|x64.ActiveCfg = Debug|Any CPU
		{A00D01E4-DA62-4304-9601-420274EDB1E1}.Debug|x64.Build.0 = Debug|Any CPU
		{A00D01E4-DA62-4304-9601-420274EDB1E1}.Debug|x86.ActiveCfg = Debug|Any CPU
		{A00D01E4-DA62-4304-9601-420274EDB1E1}.Debug|x86.Build.0 = Debug|Any CPU
		{A00D01E4-DA62-4304-9601-420274EDB1E1}.Release|Any CPU.ActiveCfg = Release|Any CPU
		{A00D01E4-DA62-4304-9601-420274EDB1E1}.Release|Any CPU.Build.0 = Release|Any CPU
		{A00D01E4-DA62-4304-9601-420274EDB1E1}.Release|ARM.ActiveCfg = Release|Any CPU
		{A00D01E4-DA62-4304-9601-420274EDB1E1}.Release|ARM.Build.0 = Release|Any CPU
		{A00D01E4-DA62-4304-9601-420274EDB1E1}.Release|iPhone.ActiveCfg = Release|Any CPU
		{A00D01E4-DA62-4304-9601-420274EDB1E1}.Release|iPhone.Build.0 = Release|Any CPU
		{A00D01E4-DA62-4304-9601-420274EDB1E1}.Release|iPhoneSimulator.ActiveCfg = Release|Any CPU
		{A00D01E4-DA62-4304-9601-420274EDB1E1}.Release|iPhoneSimulator.Build.0 = Release|Any CPU
		{A00D01E4-DA62-4304-9601-420274EDB1E1}.Release|x64.ActiveCfg = Release|Any CPU
		{A00D01E4-DA62-4304-9601-420274EDB1E1}.Release|x64.Build.0 = Release|Any CPU
		{A00D01E4-DA62-4304-9601-420274EDB1E1}.Release|x86.ActiveCfg = Release|Any CPU
		{A00D01E4-DA62-4304-9601-420274EDB1E1}.Release|x86.Build.0 = Release|Any CPU
		{8D8350A8-DDBD-4EA2-B83A-517BBAE18F8C}.Ad-Hoc|Any CPU.ActiveCfg = Debug|Any CPU
		{8D8350A8-DDBD-4EA2-B83A-517BBAE18F8C}.Ad-Hoc|Any CPU.Build.0 = Debug|Any CPU
		{8D8350A8-DDBD-4EA2-B83A-517BBAE18F8C}.Ad-Hoc|ARM.ActiveCfg = Debug|Any CPU
		{8D8350A8-DDBD-4EA2-B83A-517BBAE18F8C}.Ad-Hoc|ARM.Build.0 = Debug|Any CPU
		{8D8350A8-DDBD-4EA2-B83A-517BBAE18F8C}.Ad-Hoc|iPhone.ActiveCfg = Debug|Any CPU
		{8D8350A8-DDBD-4EA2-B83A-517BBAE18F8C}.Ad-Hoc|iPhone.Build.0 = Debug|Any CPU
		{8D8350A8-DDBD-4EA2-B83A-517BBAE18F8C}.Ad-Hoc|iPhoneSimulator.ActiveCfg = Debug|Any CPU
		{8D8350A8-DDBD-4EA2-B83A-517BBAE18F8C}.Ad-Hoc|iPhoneSimulator.Build.0 = Debug|Any CPU
		{8D8350A8-DDBD-4EA2-B83A-517BBAE18F8C}.Ad-Hoc|x64.ActiveCfg = Debug|Any CPU
		{8D8350A8-DDBD-4EA2-B83A-517BBAE18F8C}.Ad-Hoc|x64.Build.0 = Debug|Any CPU
		{8D8350A8-DDBD-4EA2-B83A-517BBAE18F8C}.Ad-Hoc|x86.ActiveCfg = Debug|Any CPU
		{8D8350A8-DDBD-4EA2-B83A-517BBAE18F8C}.Ad-Hoc|x86.Build.0 = Debug|Any CPU
		{8D8350A8-DDBD-4EA2-B83A-517BBAE18F8C}.AppStore|Any CPU.ActiveCfg = Debug|Any CPU
		{8D8350A8-DDBD-4EA2-B83A-517BBAE18F8C}.AppStore|Any CPU.Build.0 = Debug|Any CPU
		{8D8350A8-DDBD-4EA2-B83A-517BBAE18F8C}.AppStore|ARM.ActiveCfg = Debug|Any CPU
		{8D8350A8-DDBD-4EA2-B83A-517BBAE18F8C}.AppStore|ARM.Build.0 = Debug|Any CPU
		{8D8350A8-DDBD-4EA2-B83A-517BBAE18F8C}.AppStore|iPhone.ActiveCfg = Debug|Any CPU
		{8D8350A8-DDBD-4EA2-B83A-517BBAE18F8C}.AppStore|iPhone.Build.0 = Debug|Any CPU
		{8D8350A8-DDBD-4EA2-B83A-517BBAE18F8C}.AppStore|iPhoneSimulator.ActiveCfg = Debug|Any CPU
		{8D8350A8-DDBD-4EA2-B83A-517BBAE18F8C}.AppStore|iPhoneSimulator.Build.0 = Debug|Any CPU
		{8D8350A8-DDBD-4EA2-B83A-517BBAE18F8C}.AppStore|x64.ActiveCfg = Debug|Any CPU
		{8D8350A8-DDBD-4EA2-B83A-517BBAE18F8C}.AppStore|x64.Build.0 = Debug|Any CPU
		{8D8350A8-DDBD-4EA2-B83A-517BBAE18F8C}.AppStore|x86.ActiveCfg = Debug|Any CPU
		{8D8350A8-DDBD-4EA2-B83A-517BBAE18F8C}.AppStore|x86.Build.0 = Debug|Any CPU
		{8D8350A8-DDBD-4EA2-B83A-517BBAE18F8C}.Debug|Any CPU.ActiveCfg = Debug|Any CPU
		{8D8350A8-DDBD-4EA2-B83A-517BBAE18F8C}.Debug|Any CPU.Build.0 = Debug|Any CPU
		{8D8350A8-DDBD-4EA2-B83A-517BBAE18F8C}.Debug|ARM.ActiveCfg = Debug|Any CPU
		{8D8350A8-DDBD-4EA2-B83A-517BBAE18F8C}.Debug|ARM.Build.0 = Debug|Any CPU
		{8D8350A8-DDBD-4EA2-B83A-517BBAE18F8C}.Debug|iPhone.ActiveCfg = Debug|Any CPU
		{8D8350A8-DDBD-4EA2-B83A-517BBAE18F8C}.Debug|iPhone.Build.0 = Debug|Any CPU
		{8D8350A8-DDBD-4EA2-B83A-517BBAE18F8C}.Debug|iPhoneSimulator.ActiveCfg = Debug|Any CPU
		{8D8350A8-DDBD-4EA2-B83A-517BBAE18F8C}.Debug|iPhoneSimulator.Build.0 = Debug|Any CPU
		{8D8350A8-DDBD-4EA2-B83A-517BBAE18F8C}.Debug|x64.ActiveCfg = Debug|Any CPU
		{8D8350A8-DDBD-4EA2-B83A-517BBAE18F8C}.Debug|x64.Build.0 = Debug|Any CPU
		{8D8350A8-DDBD-4EA2-B83A-517BBAE18F8C}.Debug|x86.ActiveCfg = Debug|Any CPU
		{8D8350A8-DDBD-4EA2-B83A-517BBAE18F8C}.Debug|x86.Build.0 = Debug|Any CPU
		{8D8350A8-DDBD-4EA2-B83A-517BBAE18F8C}.Release|Any CPU.ActiveCfg = Release|Any CPU
		{8D8350A8-DDBD-4EA2-B83A-517BBAE18F8C}.Release|Any CPU.Build.0 = Release|Any CPU
		{8D8350A8-DDBD-4EA2-B83A-517BBAE18F8C}.Release|ARM.ActiveCfg = Release|Any CPU
		{8D8350A8-DDBD-4EA2-B83A-517BBAE18F8C}.Release|ARM.Build.0 = Release|Any CPU
		{8D8350A8-DDBD-4EA2-B83A-517BBAE18F8C}.Release|iPhone.ActiveCfg = Release|Any CPU
		{8D8350A8-DDBD-4EA2-B83A-517BBAE18F8C}.Release|iPhone.Build.0 = Release|Any CPU
		{8D8350A8-DDBD-4EA2-B83A-517BBAE18F8C}.Release|iPhoneSimulator.ActiveCfg = Release|Any CPU
		{8D8350A8-DDBD-4EA2-B83A-517BBAE18F8C}.Release|iPhoneSimulator.Build.0 = Release|Any CPU
		{8D8350A8-DDBD-4EA2-B83A-517BBAE18F8C}.Release|x64.ActiveCfg = Release|Any CPU
		{8D8350A8-DDBD-4EA2-B83A-517BBAE18F8C}.Release|x64.Build.0 = Release|Any CPU
		{8D8350A8-DDBD-4EA2-B83A-517BBAE18F8C}.Release|x86.ActiveCfg = Release|Any CPU
		{8D8350A8-DDBD-4EA2-B83A-517BBAE18F8C}.Release|x86.Build.0 = Release|Any CPU
		{2E1DC162-5FE0-4F9A-9948-E5B0C0BFFF05}.Ad-Hoc|Any CPU.ActiveCfg = Debug|Any CPU
		{2E1DC162-5FE0-4F9A-9948-E5B0C0BFFF05}.Ad-Hoc|Any CPU.Build.0 = Debug|Any CPU
		{2E1DC162-5FE0-4F9A-9948-E5B0C0BFFF05}.Ad-Hoc|ARM.ActiveCfg = Debug|Any CPU
		{2E1DC162-5FE0-4F9A-9948-E5B0C0BFFF05}.Ad-Hoc|ARM.Build.0 = Debug|Any CPU
		{2E1DC162-5FE0-4F9A-9948-E5B0C0BFFF05}.Ad-Hoc|iPhone.ActiveCfg = Debug|Any CPU
		{2E1DC162-5FE0-4F9A-9948-E5B0C0BFFF05}.Ad-Hoc|iPhone.Build.0 = Debug|Any CPU
		{2E1DC162-5FE0-4F9A-9948-E5B0C0BFFF05}.Ad-Hoc|iPhoneSimulator.ActiveCfg = Debug|Any CPU
		{2E1DC162-5FE0-4F9A-9948-E5B0C0BFFF05}.Ad-Hoc|iPhoneSimulator.Build.0 = Debug|Any CPU
		{2E1DC162-5FE0-4F9A-9948-E5B0C0BFFF05}.Ad-Hoc|x64.ActiveCfg = Debug|Any CPU
		{2E1DC162-5FE0-4F9A-9948-E5B0C0BFFF05}.Ad-Hoc|x64.Build.0 = Debug|Any CPU
		{2E1DC162-5FE0-4F9A-9948-E5B0C0BFFF05}.Ad-Hoc|x86.ActiveCfg = Debug|Any CPU
		{2E1DC162-5FE0-4F9A-9948-E5B0C0BFFF05}.Ad-Hoc|x86.Build.0 = Debug|Any CPU
		{2E1DC162-5FE0-4F9A-9948-E5B0C0BFFF05}.AppStore|Any CPU.ActiveCfg = Debug|Any CPU
		{2E1DC162-5FE0-4F9A-9948-E5B0C0BFFF05}.AppStore|Any CPU.Build.0 = Debug|Any CPU
		{2E1DC162-5FE0-4F9A-9948-E5B0C0BFFF05}.AppStore|ARM.ActiveCfg = Debug|Any CPU
		{2E1DC162-5FE0-4F9A-9948-E5B0C0BFFF05}.AppStore|ARM.Build.0 = Debug|Any CPU
		{2E1DC162-5FE0-4F9A-9948-E5B0C0BFFF05}.AppStore|iPhone.ActiveCfg = Debug|Any CPU
		{2E1DC162-5FE0-4F9A-9948-E5B0C0BFFF05}.AppStore|iPhone.Build.0 = Debug|Any CPU
		{2E1DC162-5FE0-4F9A-9948-E5B0C0BFFF05}.AppStore|iPhoneSimulator.ActiveCfg = Debug|Any CPU
		{2E1DC162-5FE0-4F9A-9948-E5B0C0BFFF05}.AppStore|iPhoneSimulator.Build.0 = Debug|Any CPU
		{2E1DC162-5FE0-4F9A-9948-E5B0C0BFFF05}.AppStore|x64.ActiveCfg = Debug|Any CPU
		{2E1DC162-5FE0-4F9A-9948-E5B0C0BFFF05}.AppStore|x64.Build.0 = Debug|Any CPU
		{2E1DC162-5FE0-4F9A-9948-E5B0C0BFFF05}.AppStore|x86.ActiveCfg = Debug|Any CPU
		{2E1DC162-5FE0-4F9A-9948-E5B0C0BFFF05}.AppStore|x86.Build.0 = Debug|Any CPU
		{2E1DC162-5FE0-4F9A-9948-E5B0C0BFFF05}.Debug|Any CPU.ActiveCfg = Debug|Any CPU
		{2E1DC162-5FE0-4F9A-9948-E5B0C0BFFF05}.Debug|Any CPU.Build.0 = Debug|Any CPU
		{2E1DC162-5FE0-4F9A-9948-E5B0C0BFFF05}.Debug|ARM.ActiveCfg = Debug|Any CPU
		{2E1DC162-5FE0-4F9A-9948-E5B0C0BFFF05}.Debug|ARM.Build.0 = Debug|Any CPU
		{2E1DC162-5FE0-4F9A-9948-E5B0C0BFFF05}.Debug|iPhone.ActiveCfg = Debug|Any CPU
		{2E1DC162-5FE0-4F9A-9948-E5B0C0BFFF05}.Debug|iPhone.Build.0 = Debug|Any CPU
		{2E1DC162-5FE0-4F9A-9948-E5B0C0BFFF05}.Debug|iPhoneSimulator.ActiveCfg = Debug|Any CPU
		{2E1DC162-5FE0-4F9A-9948-E5B0C0BFFF05}.Debug|iPhoneSimulator.Build.0 = Debug|Any CPU
		{2E1DC162-5FE0-4F9A-9948-E5B0C0BFFF05}.Debug|x64.ActiveCfg = Debug|Any CPU
		{2E1DC162-5FE0-4F9A-9948-E5B0C0BFFF05}.Debug|x64.Build.0 = Debug|Any CPU
		{2E1DC162-5FE0-4F9A-9948-E5B0C0BFFF05}.Debug|x86.ActiveCfg = Debug|Any CPU
		{2E1DC162-5FE0-4F9A-9948-E5B0C0BFFF05}.Debug|x86.Build.0 = Debug|Any CPU
		{2E1DC162-5FE0-4F9A-9948-E5B0C0BFFF05}.Release|Any CPU.ActiveCfg = Release|Any CPU
		{2E1DC162-5FE0-4F9A-9948-E5B0C0BFFF05}.Release|Any CPU.Build.0 = Release|Any CPU
		{2E1DC162-5FE0-4F9A-9948-E5B0C0BFFF05}.Release|ARM.ActiveCfg = Release|Any CPU
		{2E1DC162-5FE0-4F9A-9948-E5B0C0BFFF05}.Release|ARM.Build.0 = Release|Any CPU
		{2E1DC162-5FE0-4F9A-9948-E5B0C0BFFF05}.Release|iPhone.ActiveCfg = Release|Any CPU
		{2E1DC162-5FE0-4F9A-9948-E5B0C0BFFF05}.Release|iPhone.Build.0 = Release|Any CPU
		{2E1DC162-5FE0-4F9A-9948-E5B0C0BFFF05}.Release|iPhoneSimulator.ActiveCfg = Release|Any CPU
		{2E1DC162-5FE0-4F9A-9948-E5B0C0BFFF05}.Release|iPhoneSimulator.Build.0 = Release|Any CPU
		{2E1DC162-5FE0-4F9A-9948-E5B0C0BFFF05}.Release|x64.ActiveCfg = Release|Any CPU
		{2E1DC162-5FE0-4F9A-9948-E5B0C0BFFF05}.Release|x64.Build.0 = Release|Any CPU
		{2E1DC162-5FE0-4F9A-9948-E5B0C0BFFF05}.Release|x86.ActiveCfg = Release|Any CPU
		{2E1DC162-5FE0-4F9A-9948-E5B0C0BFFF05}.Release|x86.Build.0 = Release|Any CPU
		{B1660448-3F2A-45BB-8270-463712C59972}.Ad-Hoc|Any CPU.ActiveCfg = Debug|Any CPU
		{B1660448-3F2A-45BB-8270-463712C59972}.Ad-Hoc|Any CPU.Build.0 = Debug|Any CPU
		{B1660448-3F2A-45BB-8270-463712C59972}.Ad-Hoc|ARM.ActiveCfg = Debug|Any CPU
		{B1660448-3F2A-45BB-8270-463712C59972}.Ad-Hoc|ARM.Build.0 = Debug|Any CPU
		{B1660448-3F2A-45BB-8270-463712C59972}.Ad-Hoc|iPhone.ActiveCfg = Debug|Any CPU
		{B1660448-3F2A-45BB-8270-463712C59972}.Ad-Hoc|iPhone.Build.0 = Debug|Any CPU
		{B1660448-3F2A-45BB-8270-463712C59972}.Ad-Hoc|iPhoneSimulator.ActiveCfg = Debug|Any CPU
		{B1660448-3F2A-45BB-8270-463712C59972}.Ad-Hoc|iPhoneSimulator.Build.0 = Debug|Any CPU
		{B1660448-3F2A-45BB-8270-463712C59972}.Ad-Hoc|x64.ActiveCfg = Debug|Any CPU
		{B1660448-3F2A-45BB-8270-463712C59972}.Ad-Hoc|x64.Build.0 = Debug|Any CPU
		{B1660448-3F2A-45BB-8270-463712C59972}.Ad-Hoc|x86.ActiveCfg = Debug|Any CPU
		{B1660448-3F2A-45BB-8270-463712C59972}.Ad-Hoc|x86.Build.0 = Debug|Any CPU
		{B1660448-3F2A-45BB-8270-463712C59972}.AppStore|Any CPU.ActiveCfg = Debug|Any CPU
		{B1660448-3F2A-45BB-8270-463712C59972}.AppStore|Any CPU.Build.0 = Debug|Any CPU
		{B1660448-3F2A-45BB-8270-463712C59972}.AppStore|ARM.ActiveCfg = Debug|Any CPU
		{B1660448-3F2A-45BB-8270-463712C59972}.AppStore|ARM.Build.0 = Debug|Any CPU
		{B1660448-3F2A-45BB-8270-463712C59972}.AppStore|iPhone.ActiveCfg = Debug|Any CPU
		{B1660448-3F2A-45BB-8270-463712C59972}.AppStore|iPhone.Build.0 = Debug|Any CPU
		{B1660448-3F2A-45BB-8270-463712C59972}.AppStore|iPhoneSimulator.ActiveCfg = Debug|Any CPU
		{B1660448-3F2A-45BB-8270-463712C59972}.AppStore|iPhoneSimulator.Build.0 = Debug|Any CPU
		{B1660448-3F2A-45BB-8270-463712C59972}.AppStore|x64.ActiveCfg = Debug|Any CPU
		{B1660448-3F2A-45BB-8270-463712C59972}.AppStore|x64.Build.0 = Debug|Any CPU
		{B1660448-3F2A-45BB-8270-463712C59972}.AppStore|x86.ActiveCfg = Debug|Any CPU
		{B1660448-3F2A-45BB-8270-463712C59972}.AppStore|x86.Build.0 = Debug|Any CPU
		{B1660448-3F2A-45BB-8270-463712C59972}.Debug|Any CPU.ActiveCfg = Debug|Any CPU
		{B1660448-3F2A-45BB-8270-463712C59972}.Debug|Any CPU.Build.0 = Debug|Any CPU
		{B1660448-3F2A-45BB-8270-463712C59972}.Debug|ARM.ActiveCfg = Debug|Any CPU
		{B1660448-3F2A-45BB-8270-463712C59972}.Debug|ARM.Build.0 = Debug|Any CPU
		{B1660448-3F2A-45BB-8270-463712C59972}.Debug|iPhone.ActiveCfg = Debug|Any CPU
		{B1660448-3F2A-45BB-8270-463712C59972}.Debug|iPhone.Build.0 = Debug|Any CPU
		{B1660448-3F2A-45BB-8270-463712C59972}.Debug|iPhoneSimulator.ActiveCfg = Debug|Any CPU
		{B1660448-3F2A-45BB-8270-463712C59972}.Debug|iPhoneSimulator.Build.0 = Debug|Any CPU
		{B1660448-3F2A-45BB-8270-463712C59972}.Debug|x64.ActiveCfg = Debug|Any CPU
		{B1660448-3F2A-45BB-8270-463712C59972}.Debug|x64.Build.0 = Debug|Any CPU
		{B1660448-3F2A-45BB-8270-463712C59972}.Debug|x86.ActiveCfg = Debug|Any CPU
		{B1660448-3F2A-45BB-8270-463712C59972}.Debug|x86.Build.0 = Debug|Any CPU
		{B1660448-3F2A-45BB-8270-463712C59972}.Release|Any CPU.ActiveCfg = Release|Any CPU
		{B1660448-3F2A-45BB-8270-463712C59972}.Release|Any CPU.Build.0 = Release|Any CPU
		{B1660448-3F2A-45BB-8270-463712C59972}.Release|ARM.ActiveCfg = Release|Any CPU
		{B1660448-3F2A-45BB-8270-463712C59972}.Release|ARM.Build.0 = Release|Any CPU
		{B1660448-3F2A-45BB-8270-463712C59972}.Release|iPhone.ActiveCfg = Release|Any CPU
		{B1660448-3F2A-45BB-8270-463712C59972}.Release|iPhone.Build.0 = Release|Any CPU
		{B1660448-3F2A-45BB-8270-463712C59972}.Release|iPhoneSimulator.ActiveCfg = Release|Any CPU
		{B1660448-3F2A-45BB-8270-463712C59972}.Release|iPhoneSimulator.Build.0 = Release|Any CPU
		{B1660448-3F2A-45BB-8270-463712C59972}.Release|x64.ActiveCfg = Release|Any CPU
		{B1660448-3F2A-45BB-8270-463712C59972}.Release|x64.Build.0 = Release|Any CPU
		{B1660448-3F2A-45BB-8270-463712C59972}.Release|x86.ActiveCfg = Release|Any CPU
		{B1660448-3F2A-45BB-8270-463712C59972}.Release|x86.Build.0 = Release|Any CPU
		{254BF792-C2AB-4B5D-B4B1-6F5B501AE61D}.Ad-Hoc|Any CPU.ActiveCfg = Debug|Any CPU
		{254BF792-C2AB-4B5D-B4B1-6F5B501AE61D}.Ad-Hoc|Any CPU.Build.0 = Debug|Any CPU
		{254BF792-C2AB-4B5D-B4B1-6F5B501AE61D}.Ad-Hoc|ARM.ActiveCfg = Debug|Any CPU
		{254BF792-C2AB-4B5D-B4B1-6F5B501AE61D}.Ad-Hoc|ARM.Build.0 = Debug|Any CPU
		{254BF792-C2AB-4B5D-B4B1-6F5B501AE61D}.Ad-Hoc|iPhone.ActiveCfg = Debug|Any CPU
		{254BF792-C2AB-4B5D-B4B1-6F5B501AE61D}.Ad-Hoc|iPhone.Build.0 = Debug|Any CPU
		{254BF792-C2AB-4B5D-B4B1-6F5B501AE61D}.Ad-Hoc|iPhoneSimulator.ActiveCfg = Debug|Any CPU
		{254BF792-C2AB-4B5D-B4B1-6F5B501AE61D}.Ad-Hoc|iPhoneSimulator.Build.0 = Debug|Any CPU
		{254BF792-C2AB-4B5D-B4B1-6F5B501AE61D}.Ad-Hoc|x64.ActiveCfg = Debug|Any CPU
		{254BF792-C2AB-4B5D-B4B1-6F5B501AE61D}.Ad-Hoc|x64.Build.0 = Debug|Any CPU
		{254BF792-C2AB-4B5D-B4B1-6F5B501AE61D}.Ad-Hoc|x86.ActiveCfg = Debug|Any CPU
		{254BF792-C2AB-4B5D-B4B1-6F5B501AE61D}.Ad-Hoc|x86.Build.0 = Debug|Any CPU
		{254BF792-C2AB-4B5D-B4B1-6F5B501AE61D}.AppStore|Any CPU.ActiveCfg = Debug|Any CPU
		{254BF792-C2AB-4B5D-B4B1-6F5B501AE61D}.AppStore|Any CPU.Build.0 = Debug|Any CPU
		{254BF792-C2AB-4B5D-B4B1-6F5B501AE61D}.AppStore|ARM.ActiveCfg = Debug|Any CPU
		{254BF792-C2AB-4B5D-B4B1-6F5B501AE61D}.AppStore|ARM.Build.0 = Debug|Any CPU
		{254BF792-C2AB-4B5D-B4B1-6F5B501AE61D}.AppStore|iPhone.ActiveCfg = Debug|Any CPU
		{254BF792-C2AB-4B5D-B4B1-6F5B501AE61D}.AppStore|iPhone.Build.0 = Debug|Any CPU
		{254BF792-C2AB-4B5D-B4B1-6F5B501AE61D}.AppStore|iPhoneSimulator.ActiveCfg = Debug|Any CPU
		{254BF792-C2AB-4B5D-B4B1-6F5B501AE61D}.AppStore|iPhoneSimulator.Build.0 = Debug|Any CPU
		{254BF792-C2AB-4B5D-B4B1-6F5B501AE61D}.AppStore|x64.ActiveCfg = Debug|Any CPU
		{254BF792-C2AB-4B5D-B4B1-6F5B501AE61D}.AppStore|x64.Build.0 = Debug|Any CPU
		{254BF792-C2AB-4B5D-B4B1-6F5B501AE61D}.AppStore|x86.ActiveCfg = Debug|Any CPU
		{254BF792-C2AB-4B5D-B4B1-6F5B501AE61D}.AppStore|x86.Build.0 = Debug|Any CPU
		{254BF792-C2AB-4B5D-B4B1-6F5B501AE61D}.Debug|Any CPU.ActiveCfg = Debug|Any CPU
		{254BF792-C2AB-4B5D-B4B1-6F5B501AE61D}.Debug|Any CPU.Build.0 = Debug|Any CPU
		{254BF792-C2AB-4B5D-B4B1-6F5B501AE61D}.Debug|ARM.ActiveCfg = Debug|Any CPU
		{254BF792-C2AB-4B5D-B4B1-6F5B501AE61D}.Debug|ARM.Build.0 = Debug|Any CPU
		{254BF792-C2AB-4B5D-B4B1-6F5B501AE61D}.Debug|iPhone.ActiveCfg = Debug|Any CPU
		{254BF792-C2AB-4B5D-B4B1-6F5B501AE61D}.Debug|iPhone.Build.0 = Debug|Any CPU
		{254BF792-C2AB-4B5D-B4B1-6F5B501AE61D}.Debug|iPhoneSimulator.ActiveCfg = Debug|Any CPU
		{254BF792-C2AB-4B5D-B4B1-6F5B501AE61D}.Debug|iPhoneSimulator.Build.0 = Debug|Any CPU
		{254BF792-C2AB-4B5D-B4B1-6F5B501AE61D}.Debug|x64.ActiveCfg = Debug|Any CPU
		{254BF792-C2AB-4B5D-B4B1-6F5B501AE61D}.Debug|x64.Build.0 = Debug|Any CPU
		{254BF792-C2AB-4B5D-B4B1-6F5B501AE61D}.Debug|x86.ActiveCfg = Debug|Any CPU
		{254BF792-C2AB-4B5D-B4B1-6F5B501AE61D}.Debug|x86.Build.0 = Debug|Any CPU
		{254BF792-C2AB-4B5D-B4B1-6F5B501AE61D}.Release|Any CPU.ActiveCfg = Release|Any CPU
		{254BF792-C2AB-4B5D-B4B1-6F5B501AE61D}.Release|Any CPU.Build.0 = Release|Any CPU
		{254BF792-C2AB-4B5D-B4B1-6F5B501AE61D}.Release|ARM.ActiveCfg = Release|Any CPU
		{254BF792-C2AB-4B5D-B4B1-6F5B501AE61D}.Release|ARM.Build.0 = Release|Any CPU
		{254BF792-C2AB-4B5D-B4B1-6F5B501AE61D}.Release|iPhone.ActiveCfg = Release|Any CPU
		{254BF792-C2AB-4B5D-B4B1-6F5B501AE61D}.Release|iPhone.Build.0 = Release|Any CPU
		{254BF792-C2AB-4B5D-B4B1-6F5B501AE61D}.Release|iPhoneSimulator.ActiveCfg = Release|Any CPU
		{254BF792-C2AB-4B5D-B4B1-6F5B501AE61D}.Release|iPhoneSimulator.Build.0 = Release|Any CPU
		{254BF792-C2AB-4B5D-B4B1-6F5B501AE61D}.Release|x64.ActiveCfg = Release|Any CPU
		{254BF792-C2AB-4B5D-B4B1-6F5B501AE61D}.Release|x64.Build.0 = Release|Any CPU
		{254BF792-C2AB-4B5D-B4B1-6F5B501AE61D}.Release|x86.ActiveCfg = Release|Any CPU
		{254BF792-C2AB-4B5D-B4B1-6F5B501AE61D}.Release|x86.Build.0 = Release|Any CPU
	EndGlobalSection
	GlobalSection(SolutionProperties) = preSolution
		HideSolutionNode = FALSE
	EndGlobalSection
	GlobalSection(NestedProjects) = preSolution
		{B23DD1C8-45A3-4631-8B98-273F9016954C} = {68179370-F83B-4C53-8BB7-683F9FF92C28}
		{FAC6DD15-E1F7-4ED9-9428-BFEA3DC227EF} = {68179370-F83B-4C53-8BB7-683F9FF92C28}
		{E0A11792-D451-4649-8896-B88CA2A439EC} = {4A87B759-6B77-4AAB-8BE8-7F10072DB9EF}
		{BB878B55-F664-4D5F-A7AA-F327BFF93B40} = {4A87B759-6B77-4AAB-8BE8-7F10072DB9EF}
		{B23F7A6B-D337-45B6-A40F-828C8D55273E} = {4A87B759-6B77-4AAB-8BE8-7F10072DB9EF}
		{D7A0DB60-E2DD-4A65-95C7-5039F83F99C1} = {E0A11792-D451-4649-8896-B88CA2A439EC}
		{4B624F4A-B0FA-4149-9BFB-23077B435229} = {E0A11792-D451-4649-8896-B88CA2A439EC}
		{A00D01E4-DA62-4304-9601-420274EDB1E1} = {BB878B55-F664-4D5F-A7AA-F327BFF93B40}
		{8D8350A8-DDBD-4EA2-B83A-517BBAE18F8C} = {BB878B55-F664-4D5F-A7AA-F327BFF93B40}
		{2E1DC162-5FE0-4F9A-9948-E5B0C0BFFF05} = {BB878B55-F664-4D5F-A7AA-F327BFF93B40}
		{B1660448-3F2A-45BB-8270-463712C59972} = {4A87B759-6B77-4AAB-8BE8-7F10072DB9EF}
		{CDC6D584-FC7B-4AEB-8E9A-354396F2433D} = {68179370-F83B-4C53-8BB7-683F9FF92C28}
		{254BF792-C2AB-4B5D-B4B1-6F5B501AE61D} = {CDC6D584-FC7B-4AEB-8E9A-354396F2433D}
		{2618A286-B328-46A3-9A2A-EBEA792FAA36} = {68179370-F83B-4C53-8BB7-683F9FF92C28}
	EndGlobalSection
	GlobalSection(ExtensibilityGlobals) = postSolution
		SolutionGuid = {59CC8DDB-F7D0-4DD2-BB83-4CC4A05E6713}
	EndGlobalSection
EndGlobal
